
Microsoft Visual Studio Solution File, Format Version 12.00
# Visual Studio Version 17
VisualStudioVersion = 17.4.33213.308
MinimumVisualStudioVersion = 10.0.40219.1
Project("{9A19103F-16F7-4668-BE54-9A1E7A4F7556}") = "SchoolPage", "SchoolPage\SchoolPage.csproj", "{53795F90-CD08-46FB-8BE2-E7FCCA112068}"
EndProject
Global
	GlobalSection(SolutionConfigurationPlatforms) = preSolution
		Debug|Any CPU = Debug|Any CPU
		Release|Any CPU = Release|Any CPU
	EndGlobalSection
	GlobalSection(ProjectConfigurationPlatforms) = postSolution
		{53795F90-CD08-46FB-8BE2-E7FCCA112068}.Debug|Any CPU.ActiveCfg = Debug|Any CPU
		{53795F90-CD08-46FB-8BE2-E7FCCA112068}.Debug|Any CPU.Build.0 = Debug|Any CPU
		{53795F90-CD08-46FB-8BE2-E7FCCA112068}.Release|Any CPU.ActiveCfg = Release|Any CPU
		{53795F90-CD08-46FB-8BE2-E7FCCA112068}.Release|Any CPU.Build.0 = Release|Any CPU
	EndGlobalSection
	GlobalSection(SolutionProperties) = preSolution
		HideSolutionNode = FALSE
	EndGlobalSection
	GlobalSection(ExtensibilityGlobals) = postSolution
		SolutionGuid = {30CAB0C9-EFD3-4B2C-A177-942141A08286}
	EndGlobalSection
EndGlobal
